// !$*UTF8*$!
{
	archiveVersion = 1;
	classes = {
	};
	objectVersion = 56;
	objects = {

/* Begin PBXBuildFile section */
		BE207DE929A1496300B87CF6 /* LoginViewModel.swift in Sources */ = {isa = PBXBuildFile; fileRef = BE207DE829A1496300B87CF6 /* LoginViewModel.swift */; };
		BE207DEB29A14F5300B87CF6 /* FirebaseAuth in Frameworks */ = {isa = PBXBuildFile; productRef = BE207DEA29A14F5300B87CF6 /* FirebaseAuth */; };
		BE207DED29A1720F00B87CF6 /* PressManager.swift in Sources */ = {isa = PBXBuildFile; fileRef = BE207DEC29A1720F00B87CF6 /* PressManager.swift */; };
		BEDCA811299DE5820091A632 /* SpotlightApp.swift in Sources */ = {isa = PBXBuildFile; fileRef = BEDCA810299DE5820091A632 /* SpotlightApp.swift */; };
		BEDCA813299DE5820091A632 /* ContentView.swift in Sources */ = {isa = PBXBuildFile; fileRef = BEDCA812299DE5820091A632 /* ContentView.swift */; };
		BEDCA815299DE5830091A632 /* Assets.xcassets in Resources */ = {isa = PBXBuildFile; fileRef = BEDCA814299DE5830091A632 /* Assets.xcassets */; };
		BEDCA818299DE5830091A632 /* Preview Assets.xcassets in Resources */ = {isa = PBXBuildFile; fileRef = BEDCA817299DE5830091A632 /* Preview Assets.xcassets */; };
		BEDCA81F299DE7290091A632 /* GoogleService-Info.plist in Resources */ = {isa = PBXBuildFile; fileRef = BEDCA81E299DE7290091A632 /* GoogleService-Info.plist */; };
		BEDCA822299DE8FF0091A632 /* FirebaseAnalytics in Frameworks */ = {isa = PBXBuildFile; productRef = BEDCA821299DE8FF0091A632 /* FirebaseAnalytics */; };
		BEDCA825299DEBE00091A632 /* FirebaseDatabaseSwift in Frameworks */ = {isa = PBXBuildFile; productRef = BEDCA824299DEBE00091A632 /* FirebaseDatabaseSwift */; };
/* End PBXBuildFile section */

/* Begin PBXFileReference section */
		BE207DE429A1449600B87CF6 /* Info.plist */ = {isa = PBXFileReference; lastKnownFileType = text.plist; path = Info.plist; sourceTree = "<group>"; };
		BE207DE529A144AA00B87CF6 /* Spotlight.entitlements */ = {isa = PBXFileReference; lastKnownFileType = text.plist.entitlements; path = Spotlight.entitlements; sourceTree = "<group>"; };
		BE207DE829A1496300B87CF6 /* LoginViewModel.swift */ = {isa = PBXFileReference; lastKnownFileType = sourcecode.swift; path = LoginViewModel.swift; sourceTree = "<group>"; };
		BE207DEC29A1720F00B87CF6 /* PressManager.swift */ = {isa = PBXFileReference; lastKnownFileType = sourcecode.swift; path = PressManager.swift; sourceTree = "<group>"; };
		BEDCA80D299DE5820091A632 /* SpotlightTestONE.app */ = {isa = PBXFileReference; explicitFileType = wrapper.application; includeInIndex = 0; path = SpotlightTestONE.app; sourceTree = BUILT_PRODUCTS_DIR; };
		BEDCA810299DE5820091A632 /* SpotlightApp.swift */ = {isa = PBXFileReference; lastKnownFileType = sourcecode.swift; path = SpotlightApp.swift; sourceTree = "<group>"; };
		BEDCA812299DE5820091A632 /* ContentView.swift */ = {isa = PBXFileReference; lastKnownFileType = sourcecode.swift; path = ContentView.swift; sourceTree = "<group>"; };
		BEDCA814299DE5830091A632 /* Assets.xcassets */ = {isa = PBXFileReference; lastKnownFileType = folder.assetcatalog; path = Assets.xcassets; sourceTree = "<group>"; };
		BEDCA817299DE5830091A632 /* Preview Assets.xcassets */ = {isa = PBXFileReference; lastKnownFileType = folder.assetcatalog; path = "Preview Assets.xcassets"; sourceTree = "<group>"; };
		BEDCA81E299DE7290091A632 /* GoogleService-Info.plist */ = {isa = PBXFileReference; fileEncoding = 4; lastKnownFileType = text.plist.xml; path = "GoogleService-Info.plist"; sourceTree = "<group>"; };
/* End PBXFileReference section */

/* Begin PBXFrameworksBuildPhase section */
		BEDCA80A299DE5820091A632 /* Frameworks */ = {
			isa = PBXFrameworksBuildPhase;
			buildActionMask = 2147483647;
			files = (
				BEDCA825299DEBE00091A632 /* FirebaseDatabaseSwift in Frameworks */,
				BE207DEB29A14F5300B87CF6 /* FirebaseAuth in Frameworks */,
				BEDCA822299DE8FF0091A632 /* FirebaseAnalytics in Frameworks */,
			);
			runOnlyForDeploymentPostprocessing = 0;
		};
/* End PBXFrameworksBuildPhase section */

/* Begin PBXGroup section */
		BEDCA804299DE5820091A632 = {
			isa = PBXGroup;
			children = (
				BEDCA80F299DE5820091A632 /* Spotlight */,
				BEDCA80E299DE5820091A632 /* Products */,
				BEDCA823299DEBE00091A632 /* Frameworks */,
			);
			sourceTree = "<group>";
		};
		BEDCA80E299DE5820091A632 /* Products */ = {
			isa = PBXGroup;
			children = (
				BEDCA80D299DE5820091A632 /* SpotlightTestONE.app */,
			);
			name = Products;
			sourceTree = "<group>";
		};
		BEDCA80F299DE5820091A632 /* Spotlight */ = {
			isa = PBXGroup;
			children = (
				BE207DE529A144AA00B87CF6 /* Spotlight.entitlements */,
				BE207DE429A1449600B87CF6 /* Info.plist */,
				BEDCA810299DE5820091A632 /* SpotlightApp.swift */,
				BEDCA812299DE5820091A632 /* ContentView.swift */,
				BE207DEC29A1720F00B87CF6 /* PressManager.swift */,
				BE207DE829A1496300B87CF6 /* LoginViewModel.swift */,
				BEDCA814299DE5830091A632 /* Assets.xcassets */,
				BEDCA81E299DE7290091A632 /* GoogleService-Info.plist */,
				BEDCA816299DE5830091A632 /* Preview Content */,
			);
			path = Spotlight;
			sourceTree = "<group>";
		};
		BEDCA816299DE5830091A632 /* Preview Content */ = {
			isa = PBXGroup;
			children = (
				BEDCA817299DE5830091A632 /* Preview Assets.xcassets */,
			);
			path = "Preview Content";
			sourceTree = "<group>";
		};
		BEDCA823299DEBE00091A632 /* Frameworks */ = {
			isa = PBXGroup;
			children = (
			);
			name = Frameworks;
			sourceTree = "<group>";
		};
/* End PBXGroup section */

/* Begin PBXNativeTarget section */
		BEDCA80C299DE5820091A632 /* SpotlightTestONE */ = {
			isa = PBXNativeTarget;
			buildConfigurationList = BEDCA81B299DE5830091A632 /* Build configuration list for PBXNativeTarget "SpotlightTestONE" */;
			buildPhases = (
				BEDCA809299DE5820091A632 /* Sources */,
				BEDCA80A299DE5820091A632 /* Frameworks */,
				BEDCA80B299DE5820091A632 /* Resources */,
			);
			buildRules = (
			);
			dependencies = (
			);
			name = SpotlightTestONE;
			packageProductDependencies = (
				BEDCA821299DE8FF0091A632 /* FirebaseAnalytics */,
				BEDCA824299DEBE00091A632 /* FirebaseDatabaseSwift */,
				BE207DEA29A14F5300B87CF6 /* FirebaseAuth */,
			);
			productName = Spotlight;
			productReference = BEDCA80D299DE5820091A632 /* SpotlightTestONE.app */;
			productType = "com.apple.product-type.application";
		};
/* End PBXNativeTarget section */

/* Begin PBXProject section */
		BEDCA805299DE5820091A632 /* Project object */ = {
			isa = PBXProject;
			attributes = {
				BuildIndependentTargetsInParallel = 1;
				LastSwiftUpdateCheck = 1420;
				LastUpgradeCheck = 1420;
				TargetAttributes = {
					BEDCA80C299DE5820091A632 = {
						CreatedOnToolsVersion = 14.2;
					};
				};
			};
			buildConfigurationList = BEDCA808299DE5820091A632 /* Build configuration list for PBXProject "SpotlightTestONE" */;
			compatibilityVersion = "Xcode 14.0";
			developmentRegion = en;
			hasScannedForEncodings = 0;
			knownRegions = (
				en,
				Base,
			);
			mainGroup = BEDCA804299DE5820091A632;
			packageReferences = (
				BEDCA820299DE8FF0091A632 /* XCRemoteSwiftPackageReference "firebase-ios-sdk" */,
				BE207DDF29A1434300B87CF6 /* XCRemoteSwiftPackageReference "GoogleSignIn-iOS" */,
			);
			productRefGroup = BEDCA80E299DE5820091A632 /* Products */;
			projectDirPath = "";
			projectRoot = "";
			targets = (
				BEDCA80C299DE5820091A632 /* SpotlightTestONE */,
			);
		};
/* End PBXProject section */

/* Begin PBXResourcesBuildPhase section */
		BEDCA80B299DE5820091A632 /* Resources */ = {
			isa = PBXResourcesBuildPhase;
			buildActionMask = 2147483647;
			files = (
				BEDCA818299DE5830091A632 /* Preview Assets.xcassets in Resources */,
				BEDCA815299DE5830091A632 /* Assets.xcassets in Resources */,
				BEDCA81F299DE7290091A632 /* GoogleService-Info.plist in Resources */,
			);
			runOnlyForDeploymentPostprocessing = 0;
		};
/* End PBXResourcesBuildPhase section */

/* Begin PBXSourcesBuildPhase section */
		BEDCA809299DE5820091A632 /* Sources */ = {
			isa = PBXSourcesBuildPhase;
			buildActionMask = 2147483647;
			files = (
				BE207DE929A1496300B87CF6 /* LoginViewModel.swift in Sources */,
				BE207DED29A1720F00B87CF6 /* PressManager.swift in Sources */,
				BEDCA813299DE5820091A632 /* ContentView.swift in Sources */,
				BEDCA811299DE5820091A632 /* SpotlightApp.swift in Sources */,
			);
			runOnlyForDeploymentPostprocessing = 0;
		};
/* End PBXSourcesBuildPhase section */

/* Begin XCBuildConfiguration section */
		BEDCA819299DE5830091A632 /* Debug */ = {
			isa = XCBuildConfiguration;
			buildSettings = {
				ALWAYS_SEARCH_USER_PATHS = NO;
				CLANG_ANALYZER_NONNULL = YES;
				CLANG_ANALYZER_NUMBER_OBJECT_CONVERSION = YES_AGGRESSIVE;
				CLANG_CXX_LANGUAGE_STANDARD = "gnu++20";
				CLANG_ENABLE_MODULES = YES;
				CLANG_ENABLE_OBJC_ARC = YES;
				CLANG_ENABLE_OBJC_WEAK = YES;
				CLANG_WARN_BLOCK_CAPTURE_AUTORELEASING = YES;
				CLANG_WARN_BOOL_CONVERSION = YES;
				CLANG_WARN_COMMA = YES;
				CLANG_WARN_CONSTANT_CONVERSION = YES;
				CLANG_WARN_DEPRECATED_OBJC_IMPLEMENTATIONS = YES;
				CLANG_WARN_DIRECT_OBJC_ISA_USAGE = YES_ERROR;
				CLANG_WARN_DOCUMENTATION_COMMENTS = YES;
				CLANG_WARN_EMPTY_BODY = YES;
				CLANG_WARN_ENUM_CONVERSION = YES;
				CLANG_WARN_INFINITE_RECURSION = YES;
				CLANG_WARN_INT_CONVERSION = YES;
				CLANG_WARN_NON_LITERAL_NULL_CONVERSION = YES;
				CLANG_WARN_OBJC_IMPLICIT_RETAIN_SELF = YES;
				CLANG_WARN_OBJC_LITERAL_CONVERSION = YES;
				CLANG_WARN_OBJC_ROOT_CLASS = YES_ERROR;
				CLANG_WARN_QUOTED_INCLUDE_IN_FRAMEWORK_HEADER = YES;
				CLANG_WARN_RANGE_LOOP_ANALYSIS = YES;
				CLANG_WARN_STRICT_PROTOTYPES = YES;
				CLANG_WARN_SUSPICIOUS_MOVE = YES;
				CLANG_WARN_UNGUARDED_AVAILABILITY = YES_AGGRESSIVE;
				CLANG_WARN_UNREACHABLE_CODE = YES;
				CLANG_WARN__DUPLICATE_METHOD_MATCH = YES;
				COPY_PHASE_STRIP = NO;
				DEBUG_INFORMATION_FORMAT = dwarf;
				ENABLE_STRICT_OBJC_MSGSEND = YES;
				ENABLE_TESTABILITY = YES;
				GCC_C_LANGUAGE_STANDARD = gnu11;
				GCC_DYNAMIC_NO_PIC = NO;
				GCC_NO_COMMON_BLOCKS = YES;
				GCC_OPTIMIZATION_LEVEL = 0;
				GCC_PREPROCESSOR_DEFINITIONS = (
					"DEBUG=1",
					"$(inherited)",
				);
				GCC_WARN_64_TO_32_BIT_CONVERSION = YES;
				GCC_WARN_ABOUT_RETURN_TYPE = YES_ERROR;
				GCC_WARN_UNDECLARED_SELECTOR = YES;
				GCC_WARN_UNINITIALIZED_AUTOS = YES_AGGRESSIVE;
				GCC_WARN_UNUSED_FUNCTION = YES;
				GCC_WARN_UNUSED_VARIABLE = YES;
				IPHONEOS_DEPLOYMENT_TARGET = 16.2;
				MTL_ENABLE_DEBUG_INFO = INCLUDE_SOURCE;
				MTL_FAST_MATH = YES;
				ONLY_ACTIVE_ARCH = YES;
				SDKROOT = iphoneos;
				SWIFT_ACTIVE_COMPILATION_CONDITIONS = DEBUG;
				SWIFT_OPTIMIZATION_LEVEL = "-Onone";
			};
			name = Debug;
		};
		BEDCA81A299DE5830091A632 /* Release */ = {
			isa = XCBuildConfiguration;
			buildSettings = {
				ALWAYS_SEARCH_USER_PATHS = NO;
				CLANG_ANALYZER_NONNULL = YES;
				CLANG_ANALYZER_NUMBER_OBJECT_CONVERSION = YES_AGGRESSIVE;
				CLANG_CXX_LANGUAGE_STANDARD = "gnu++20";
				CLANG_ENABLE_MODULES = YES;
				CLANG_ENABLE_OBJC_ARC = YES;
				CLANG_ENABLE_OBJC_WEAK = YES;
				CLANG_WARN_BLOCK_CAPTURE_AUTORELEASING = YES;
				CLANG_WARN_BOOL_CONVERSION = YES;
				CLANG_WARN_COMMA = YES;
				CLANG_WARN_CONSTANT_CONVERSION = YES;
				CLANG_WARN_DEPRECATED_OBJC_IMPLEMENTATIONS = YES;
				CLANG_WARN_DIRECT_OBJC_ISA_USAGE = YES_ERROR;
				CLANG_WARN_DOCUMENTATION_COMMENTS = YES;
				CLANG_WARN_EMPTY_BODY = YES;
				CLANG_WARN_ENUM_CONVERSION = YES;
				CLANG_WARN_INFINITE_RECURSION = YES;
				CLANG_WARN_INT_CONVERSION = YES;
				CLANG_WARN_NON_LITERAL_NULL_CONVERSION = YES;
				CLANG_WARN_OBJC_IMPLICIT_RETAIN_SELF = YES;
				CLANG_WARN_OBJC_LITERAL_CONVERSION = YES;
				CLANG_WARN_OBJC_ROOT_CLASS = YES_ERROR;
				CLANG_WARN_QUOTED_INCLUDE_IN_FRAMEWORK_HEADER = YES;
				CLANG_WARN_RANGE_LOOP_ANALYSIS = YES;
				CLANG_WARN_STRICT_PROTOTYPES = YES;
				CLANG_WARN_SUSPICIOUS_MOVE = YES;
				CLANG_WARN_UNGUARDED_AVAILABILITY = YES_AGGRESSIVE;
				CLANG_WARN_UNREACHABLE_CODE = YES;
				CLANG_WARN__DUPLICATE_METHOD_MATCH = YES;
				COPY_PHASE_STRIP = NO;
				DEBUG_INFORMATION_FORMAT = "dwarf-with-dsym";
				ENABLE_NS_ASSERTIONS = NO;
				ENABLE_STRICT_OBJC_MSGSEND = YES;
				GCC_C_LANGUAGE_STANDARD = gnu11;
				GCC_NO_COMMON_BLOCKS = YES;
				GCC_WARN_64_TO_32_BIT_CONVERSION = YES;
				GCC_WARN_ABOUT_RETURN_TYPE = YES_ERROR;
				GCC_WARN_UNDECLARED_SELECTOR = YES;
				GCC_WARN_UNINITIALIZED_AUTOS = YES_AGGRESSIVE;
				GCC_WARN_UNUSED_FUNCTION = YES;
				GCC_WARN_UNUSED_VARIABLE = YES;
				IPHONEOS_DEPLOYMENT_TARGET = 16.2;
				MTL_ENABLE_DEBUG_INFO = NO;
				MTL_FAST_MATH = YES;
				SDKROOT = iphoneos;
				SWIFT_COMPILATION_MODE = wholemodule;
				SWIFT_OPTIMIZATION_LEVEL = "-O";
				VALIDATE_PRODUCT = YES;
			};
			name = Release;
		};
		BEDCA81C299DE5830091A632 /* Debug */ = {
			isa = XCBuildConfiguration;
			buildSettings = {
				ASSETCATALOG_COMPILER_APPICON_NAME = AppIcon;
				ASSETCATALOG_COMPILER_GLOBAL_ACCENT_COLOR_NAME = AccentColor;
				CODE_SIGN_ENTITLEMENTS = Spotlight/Spotlight.entitlements;
				CODE_SIGN_STYLE = Automatic;
				CURRENT_PROJECT_VERSION = 1;
				DEVELOPMENT_ASSET_PATHS = "\"Spotlight/Preview Content\"";
				DEVELOPMENT_TEAM = 8LGZB97F67;
				ENABLE_PREVIEWS = YES;
				GENERATE_INFOPLIST_FILE = YES;
				INFOPLIST_FILE = Spotlight/Info.plist;
				INFOPLIST_KEY_UIApplicationSceneManifest_Generation = YES;
				INFOPLIST_KEY_UIApplicationSupportsIndirectInputEvents = YES;
				INFOPLIST_KEY_UILaunchScreen_Generation = YES;
				INFOPLIST_KEY_UISupportedInterfaceOrientations_iPad = "UIInterfaceOrientationPortrait UIInterfaceOrientationPortraitUpsideDown UIInterfaceOrientationLandscapeLeft UIInterfaceOrientationLandscapeRight";
				INFOPLIST_KEY_UISupportedInterfaceOrientations_iPhone = "UIInterfaceOrientationPortrait UIInterfaceOrientationLandscapeLeft UIInterfaceOrientationLandscapeRight";
				LD_RUNPATH_SEARCH_PATHS = (
					"$(inherited)",
					"@executable_path/Frameworks",
				);
				MARKETING_VERSION = 1.0;
				PRODUCT_BUNDLE_IDENTIFIER = CorporatePro.Spotlight;
				PRODUCT_NAME = "$(TARGET_NAME)";
				SWIFT_EMIT_LOC_STRINGS = YES;
				SWIFT_VERSION = 5.0;
				TARGETED_DEVICE_FAMILY = "1,2";
			};
			name = Debug;
		};
		BEDCA81D299DE5830091A632 /* Release */ = {
			isa = XCBuildConfiguration;
			buildSettings = {
				ASSETCATALOG_COMPILER_APPICON_NAME = AppIcon;
				ASSETCATALOG_COMPILER_GLOBAL_ACCENT_COLOR_NAME = AccentColor;
				CODE_SIGN_ENTITLEMENTS = Spotlight/Spotlight.entitlements;
				CODE_SIGN_STYLE = Automatic;
				CURRENT_PROJECT_VERSION = 1;
				DEVELOPMENT_ASSET_PATHS = "\"Spotlight/Preview Content\"";
				DEVELOPMENT_TEAM = 8LGZB97F67;
				ENABLE_PREVIEWS = YES;
				GENERATE_INFOPLIST_FILE = YES;
				INFOPLIST_FILE = Spotlight/Info.plist;
				INFOPLIST_KEY_UIApplicationSceneManifest_Generation = YES;
				INFOPLIST_KEY_UIApplicationSupportsIndirectInputEvents = YES;
				INFOPLIST_KEY_UILaunchScreen_Generation = YES;
				INFOPLIST_KEY_UISupportedInterfaceOrientations_iPad = "UIInterfaceOrientationPortrait UIInterfaceOrientationPortraitUpsideDown UIInterfaceOrientationLandscapeLeft UIInterfaceOrientationLandscapeRight";
				INFOPLIST_KEY_UISupportedInterfaceOrientations_iPhone = "UIInterfaceOrientationPortrait UIInterfaceOrientationLandscapeLeft UIInterfaceOrientationLandscapeRight";
				LD_RUNPATH_SEARCH_PATHS = (
					"$(inherited)",
					"@executable_path/Frameworks",
				);
				MARKETING_VERSION = 1.0;
				PRODUCT_BUNDLE_IDENTIFIER = CorporatePro.Spotlight;
				PRODUCT_NAME = "$(TARGET_NAME)";
				SWIFT_EMIT_LOC_STRINGS = YES;
				SWIFT_VERSION = 5.0;
				TARGETED_DEVICE_FAMILY = "1,2";
			};
			name = Release;
		};
/* End XCBuildConfiguration section */

/* Begin XCConfigurationList section */
		BEDCA808299DE5820091A632 /* Build configuration list for PBXProject "SpotlightTestONE" */ = {
			isa = XCConfigurationList;
			buildConfigurations = (
				BEDCA819299DE5830091A632 /* Debug */,
				BEDCA81A299DE5830091A632 /* Release */,
			);
			defaultConfigurationIsVisible = 0;
			defaultConfigurationName = Release;
		};
		BEDCA81B299DE5830091A632 /* Build configuration list for PBXNativeTarget "SpotlightTestONE" */ = {
			isa = XCConfigurationList;
			buildConfigurations = (
				BEDCA81C299DE5830091A632 /* Debug */,
				BEDCA81D299DE5830091A632 /* Release */,
			);
			defaultConfigurationIsVisible = 0;
			defaultConfigurationName = Release;
		};
/* End XCConfigurationList section */

/* Begin XCRemoteSwiftPackageReference section */
		BE207DDF29A1434300B87CF6 /* XCRemoteSwiftPackageReference "GoogleSignIn-iOS" */ = {
			isa = XCRemoteSwiftPackageReference;
			repositoryURL = "https://github.com/google/GoogleSignIn-iOS/";
			requirement = {
				kind = upToNextMajorVersion;
				minimumVersion = 7.0.0;
			};
		};
		BEDCA820299DE8FF0091A632 /* XCRemoteSwiftPackageReference "firebase-ios-sdk" */ = {
			isa = XCRemoteSwiftPackageReference;
			repositoryURL = "https://github.com/firebase/firebase-ios-sdk";
			requirement = {
				kind = upToNextMajorVersion;
				minimumVersion = 9.0.0;
			};
		};
/* End XCRemoteSwiftPackageReference section */

/* Begin XCSwiftPackageProductDependency section */
		BE207DEA29A14F5300B87CF6 /* FirebaseAuth */ = {
			isa = XCSwiftPackageProductDependency;
			package = BEDCA820299DE8FF0091A632 /* XCRemoteSwiftPackageReference "firebase-ios-sdk" */;
			productName = FirebaseAuth;
		};
		BEDCA821299DE8FF0091A632 /* FirebaseAnalytics */ = {
			isa = XCSwiftPackageProductDependency;
			package = BEDCA820299DE8FF0091A632 /* XCRemoteSwiftPackageReference "firebase-ios-sdk" */;
			productName = FirebaseAnalytics;
		};
		BEDCA824299DEBE00091A632 /* FirebaseDatabaseSwift */ = {
			isa = XCSwiftPackageProductDependency;
			package = BEDCA820299DE8FF0091A632 /* XCRemoteSwiftPackageReference "firebase-ios-sdk" */;
			productName = FirebaseDatabaseSwift;
		};
/* End XCSwiftPackageProductDependency section */
	};
	rootObject = BEDCA805299DE5820091A632 /* Project object */;
}
